
Microsoft Visual Studio Solution File, Format Version 12.00
# Visual Studio Version 17
VisualStudioVersion = 17.11.35303.130
MinimumVisualStudioVersion = 10.0.40219.1
Project("{FAE04EC0-301F-11D3-BF4B-00C04F79EFBC}") = "MCI_Industry_Calculator", "MCI_Industry_Calculator\MCI_Industry_Calculator.csproj", "{65B12E96-B236-4458-9087-0F5196C4BB8E}"
EndProject
Global
	GlobalSection(SolutionConfigurationPlatforms) = preSolution
		Debug|Any CPU = Debug|Any CPU
		Release|Any CPU = Release|Any CPU
	EndGlobalSection
	GlobalSection(ProjectConfigurationPlatforms) = postSolution
		{65B12E96-B236-4458-9087-0F5196C4BB8E}.Debug|Any CPU.ActiveCfg = Debug|Any CPU
		{65B12E96-B236-4458-9087-0F5196C4BB8E}.Debug|Any CPU.Build.0 = Debug|Any CPU
		{65B12E96-B236-4458-9087-0F5196C4BB8E}.Release|Any CPU.ActiveCfg = Release|Any CPU
		{65B12E96-B236-4458-9087-0F5196C4BB8E}.Release|Any CPU.Build.0 = Release|Any CPU
	EndGlobalSection
	GlobalSection(SolutionProperties) = preSolution
		HideSolutionNode = FALSE
	EndGlobalSection
	GlobalSection(ExtensibilityGlobals) = postSolution
		SolutionGuid = {8134CCDC-4ADF-480A-A254-B10CC7EA45EC}
	EndGlobalSection
EndGlobal
